
Microsoft Visual Studio Solution File, Format Version 12.00
# Visual Studio Version 17
VisualStudioVersion = 17.4.33103.184
MinimumVisualStudioVersion = 10.0.40219.1
Project("{FAE04EC0-301F-11D3-BF4B-00C04F79EFBC}") = "DarkCloud", "DarkCloud\DarkCloud.csproj", "{3339DC34-2D8D-49B5-A584-EFAFFE493EC2}"
EndProject
Global
	GlobalSection(SolutionConfigurationPlatforms) = preSolution
		Debug|Any CPU = Debug|Any CPU
		Release|Any CPU = Release|Any CPU
	EndGlobalSection
	GlobalSection(ProjectConfigurationPlatforms) = postSolution
		{3339DC34-2D8D-49B5-A584-EFAFFE493EC2}.Debug|Any CPU.ActiveCfg = Debug|Any CPU
		{3339DC34-2D8D-49B5-A584-EFAFFE493EC2}.Debug|Any CPU.Build.0 = Debug|Any CPU
		{3339DC34-2D8D-49B5-A584-EFAFFE493EC2}.Release|Any CPU.ActiveCfg = Release|Any CPU
		{3339DC34-2D8D-49B5-A584-EFAFFE493EC2}.Release|Any CPU.Build.0 = Release|Any CPU
	EndGlobalSection
	GlobalSection(SolutionProperties) = preSolution
		HideSolutionNode = FALSE
	EndGlobalSection
	GlobalSection(ExtensibilityGlobals) = postSolution
		SolutionGuid = {DF341161-499F-4AD6-BC79-BA4B774D86A4}
	EndGlobalSection
EndGlobal
